
Microsoft Visual Studio Solution File, Format Version 12.00
# Visual Studio Version 16
VisualStudioVersion = 16.0.30406.217
MinimumVisualStudioVersion = 10.0.40219.1
Project("{9A19103F-16F7-4668-BE54-9A1E7A4F7556}") = "Intro", "Intro\Intro.csproj", "{2E9E7D4E-6C1D-4FE6-A16F-337CF132BB9A}"
EndProject
Project("{9A19103F-16F7-4668-BE54-9A1E7A4F7556}") = "Donguler", "Donguler\Donguler.csproj", "{06B50EB0-6848-4C21-997D-35BBCA05F93A}"
EndProject
Project("{9A19103F-16F7-4668-BE54-9A1E7A4F7556}") = "ClassIntro", "ClassIntro\ClassIntro.csproj", "{884BDF49-B504-43C7-B601-D134E8E865D2}"
EndProject
Project("{9A19103F-16F7-4668-BE54-9A1E7A4F7556}") = "ClassExmp", "ClassExmp\ClassExmp.csproj", "{9A45FF6D-7074-4455-8F98-31489F7192E2}"
EndProject
Project("{9A19103F-16F7-4668-BE54-9A1E7A4F7556}") = "Metotlar", "Metotlar\Metotlar.csproj", "{AC136840-5506-4DED-8A97-CDC6F7E703B5}"
EndProject
Project("{9A19103F-16F7-4668-BE54-9A1E7A4F7556}") = "Matematik", "Matematik\Matematik.csproj", "{FE36D284-61E8-4B3D-9FB6-3D077BE09F58}"
EndProject
Project("{9A19103F-16F7-4668-BE54-9A1E7A4F7556}") = "Metotlar2", "Deneme\Metotlar2.csproj", "{CE802D61-19D6-4D7E-A1C9-5345D6172735}"
EndProject
Project("{9A19103F-16F7-4668-BE54-9A1E7A4F7556}") = "DegerVeReferansTipler", "DegerVeReferansTipler\DegerVeReferansTipler.csproj", "{DCFB96F7-48B7-42FB-9D51-149247CDD554}"
EndProject
Project("{9A19103F-16F7-4668-BE54-9A1E7A4F7556}") = "ClassMetotDemo", "ClassMetotDemo\ClassMetotDemo.csproj", "{4F21852C-C184-459A-A1F2-DA1C5478C776}"
EndProject
Project("{9A19103F-16F7-4668-BE54-9A1E7A4F7556}") = "OOP1", "OOP1\OOP1.csproj", "{B3F91DD9-306D-4566-8FD4-3BB23D16D81C}"
EndProject
Project("{9A19103F-16F7-4668-BE54-9A1E7A4F7556}") = "Koleksiyonlar", "Koleksiyonlar\Koleksiyonlar.csproj", "{3F9256EA-24EB-44DA-8F6A-23BABD90DBE2}"
EndProject
Project("{9A19103F-16F7-4668-BE54-9A1E7A4F7556}") = "GenericsIntro", "GenericsIntro\GenericsIntro.csproj", "{295F90B8-5700-4D17-9D4B-33C2084F0CEC}"
EndProject
Project("{9A19103F-16F7-4668-BE54-9A1E7A4F7556}") = "RecerenceTypes", "RecerenceTypes\RecerenceTypes.csproj", "{D0749714-2257-4BB8-A167-136B7E9F600F}"
EndProject
Project("{9A19103F-16F7-4668-BE54-9A1E7A4F7556}") = "Constructer", "Constructer\Constructer.csproj", "{9214072E-7C12-468A-A76F-D94AEF156D57}"
EndProject
Project("{9A19103F-16F7-4668-BE54-9A1E7A4F7556}") = "OOP2", "OOP2\OOP2.csproj", "{E279450E-71B9-4F8F-9C79-0C5A4453B9E1}"
EndProject
Project("{FAE04EC0-301F-11D3-BF4B-00C04F79EFBC}") = "OOP3", "OOP3\OOP3.csproj", "{6750E7A7-AA47-41DE-BE26-05CD15AB822E}"
EndProject
Global
	GlobalSection(SolutionConfigurationPlatforms) = preSolution
		Debug|Any CPU = Debug|Any CPU
		Release|Any CPU = Release|Any CPU
	EndGlobalSection
	GlobalSection(ProjectConfigurationPlatforms) = postSolution
		{2E9E7D4E-6C1D-4FE6-A16F-337CF132BB9A}.Debug|Any CPU.ActiveCfg = Debug|Any CPU
		{2E9E7D4E-6C1D-4FE6-A16F-337CF132BB9A}.Debug|Any CPU.Build.0 = Debug|Any CPU
		{2E9E7D4E-6C1D-4FE6-A16F-337CF132BB9A}.Release|Any CPU.ActiveCfg = Release|Any CPU
		{2E9E7D4E-6C1D-4FE6-A16F-337CF132BB9A}.Release|Any CPU.Build.0 = Release|Any CPU
		{06B50EB0-6848-4C21-997D-35BBCA05F93A}.Debug|Any CPU.ActiveCfg = Debug|Any CPU
		{06B50EB0-6848-4C21-997D-35BBCA05F93A}.Debug|Any CPU.Build.0 = Debug|Any CPU
		{06B50EB0-6848-4C21-997D-35BBCA05F93A}.Release|Any CPU.ActiveCfg = Release|Any CPU
		{06B50EB0-6848-4C21-997D-35BBCA05F93A}.Release|Any CPU.Build.0 = Release|Any CPU
		{884BDF49-B504-43C7-B601-D134E8E865D2}.Debug|Any CPU.ActiveCfg = Debug|Any CPU
		{884BDF49-B504-43C7-B601-D134E8E865D2}.Debug|Any CPU.Build.0 = Debug|Any CPU
		{884BDF49-B504-43C7-B601-D134E8E865D2}.Release|Any CPU.ActiveCfg = Release|Any CPU
		{884BDF49-B504-43C7-B601-D134E8E865D2}.Release|Any CPU.Build.0 = Release|Any CPU
		{9A45FF6D-7074-4455-8F98-31489F7192E2}.Debug|Any CPU.ActiveCfg = Debug|Any CPU
		{9A45FF6D-7074-4455-8F98-31489F7192E2}.Debug|Any CPU.Build.0 = Debug|Any CPU
		{9A45FF6D-7074-4455-8F98-31489F7192E2}.Release|Any CPU.ActiveCfg = Release|Any CPU
		{9A45FF6D-7074-4455-8F98-31489F7192E2}.Release|Any CPU.Build.0 = Release|Any CPU
		{AC136840-5506-4DED-8A97-CDC6F7E703B5}.Debug|Any CPU.ActiveCfg = Debug|Any CPU
		{AC136840-5506-4DED-8A97-CDC6F7E703B5}.Debug|Any CPU.Build.0 = Debug|Any CPU
		{AC136840-5506-4DED-8A97-CDC6F7E703B5}.Release|Any CPU.ActiveCfg = Release|Any CPU
		{AC136840-5506-4DED-8A97-CDC6F7E703B5}.Release|Any CPU.Build.0 = Release|Any CPU
		{FE36D284-61E8-4B3D-9FB6-3D077BE09F58}.Debug|Any CPU.ActiveCfg = Debug|Any CPU
		{FE36D284-61E8-4B3D-9FB6-3D077BE09F58}.Debug|Any CPU.Build.0 = Debug|Any CPU
		{FE36D284-61E8-4B3D-9FB6-3D077BE09F58}.Release|Any CPU.ActiveCfg = Release|Any CPU
		{FE36D284-61E8-4B3D-9FB6-3D077BE09F58}.Release|Any CPU.Build.0 = Release|Any CPU
		{CE802D61-19D6-4D7E-A1C9-5345D6172735}.Debug|Any CPU.ActiveCfg = Debug|Any CPU
		{CE802D61-19D6-4D7E-A1C9-5345D6172735}.Debug|Any CPU.Build.0 = Debug|Any CPU
		{CE802D61-19D6-4D7E-A1C9-5345D6172735}.Release|Any CPU.ActiveCfg = Release|Any CPU
		{CE802D61-19D6-4D7E-A1C9-5345D6172735}.Release|Any CPU.Build.0 = Release|Any CPU
		{DCFB96F7-48B7-42FB-9D51-149247CDD554}.Debug|Any CPU.ActiveCfg = Debug|Any CPU
		{DCFB96F7-48B7-42FB-9D51-149247CDD554}.Debug|Any CPU.Build.0 = Debug|Any CPU
		{DCFB96F7-48B7-42FB-9D51-149247CDD554}.Release|Any CPU.ActiveCfg = Release|Any CPU
		{DCFB96F7-48B7-42FB-9D51-149247CDD554}.Release|Any CPU.Build.0 = Release|Any CPU
		{4F21852C-C184-459A-A1F2-DA1C5478C776}.Debug|Any CPU.ActiveCfg = Debug|Any CPU
		{4F21852C-C184-459A-A1F2-DA1C5478C776}.Debug|Any CPU.Build.0 = Debug|Any CPU
		{4F21852C-C184-459A-A1F2-DA1C5478C776}.Release|Any CPU.ActiveCfg = Release|Any CPU
		{4F21852C-C184-459A-A1F2-DA1C5478C776}.Release|Any CPU.Build.0 = Release|Any CPU
		{B3F91DD9-306D-4566-8FD4-3BB23D16D81C}.Debug|Any CPU.ActiveCfg = Debug|Any CPU
		{B3F91DD9-306D-4566-8FD4-3BB23D16D81C}.Debug|Any CPU.Build.0 = Debug|Any CPU
		{B3F91DD9-306D-4566-8FD4-3BB23D16D81C}.Release|Any CPU.ActiveCfg = Release|Any CPU
		{B3F91DD9-306D-4566-8FD4-3BB23D16D81C}.Release|Any CPU.Build.0 = Release|Any CPU
		{3F9256EA-24EB-44DA-8F6A-23BABD90DBE2}.Debug|Any CPU.ActiveCfg = Debug|Any CPU
		{3F9256EA-24EB-44DA-8F6A-23BABD90DBE2}.Debug|Any CPU.Build.0 = Debug|Any CPU
		{3F9256EA-24EB-44DA-8F6A-23BABD90DBE2}.Release|Any CPU.ActiveCfg = Release|Any CPU
		{3F9256EA-24EB-44DA-8F6A-23BABD90DBE2}.Release|Any CPU.Build.0 = Release|Any CPU
		{295F90B8-5700-4D17-9D4B-33C2084F0CEC}.Debug|Any CPU.ActiveCfg = Debug|Any CPU
		{295F90B8-5700-4D17-9D4B-33C2084F0CEC}.Debug|Any CPU.Build.0 = Debug|Any CPU
		{295F90B8-5700-4D17-9D4B-33C2084F0CEC}.Release|Any CPU.ActiveCfg = Release|Any CPU
		{295F90B8-5700-4D17-9D4B-33C2084F0CEC}.Release|Any CPU.Build.0 = Release|Any CPU
		{D0749714-2257-4BB8-A167-136B7E9F600F}.Debug|Any CPU.ActiveCfg = Debug|Any CPU
		{D0749714-2257-4BB8-A167-136B7E9F600F}.Debug|Any CPU.Build.0 = Debug|Any CPU
		{D0749714-2257-4BB8-A167-136B7E9F600F}.Release|Any CPU.ActiveCfg = Release|Any CPU
		{D0749714-2257-4BB8-A167-136B7E9F600F}.Release|Any CPU.Build.0 = Release|Any CPU
		{9214072E-7C12-468A-A76F-D94AEF156D57}.Debug|Any CPU.ActiveCfg = Debug|Any CPU
		{9214072E-7C12-468A-A76F-D94AEF156D57}.Debug|Any CPU.Build.0 = Debug|Any CPU
		{9214072E-7C12-468A-A76F-D94AEF156D57}.Release|Any CPU.ActiveCfg = Release|Any CPU
		{9214072E-7C12-468A-A76F-D94AEF156D57}.Release|Any CPU.Build.0 = Release|Any CPU
		{E279450E-71B9-4F8F-9C79-0C5A4453B9E1}.Debug|Any CPU.ActiveCfg = Debug|Any CPU
		{E279450E-71B9-4F8F-9C79-0C5A4453B9E1}.Debug|Any CPU.Build.0 = Debug|Any CPU
		{E279450E-71B9-4F8F-9C79-0C5A4453B9E1}.Release|Any CPU.ActiveCfg = Release|Any CPU
		{E279450E-71B9-4F8F-9C79-0C5A4453B9E1}.Release|Any CPU.Build.0 = Release|Any CPU
		{6750E7A7-AA47-41DE-BE26-05CD15AB822E}.Debug|Any CPU.ActiveCfg = Debug|Any CPU
		{6750E7A7-AA47-41DE-BE26-05CD15AB822E}.Debug|Any CPU.Build.0 = Debug|Any CPU
		{6750E7A7-AA47-41DE-BE26-05CD15AB822E}.Release|Any CPU.ActiveCfg = Release|Any CPU
		{6750E7A7-AA47-41DE-BE26-05CD15AB822E}.Release|Any CPU.Build.0 = Release|Any CPU
	EndGlobalSection
	GlobalSection(SolutionProperties) = preSolution
		HideSolutionNode = FALSE
	EndGlobalSection
	GlobalSection(ExtensibilityGlobals) = postSolution
		SolutionGuid = {B7726CAF-3AB7-412D-9A95-528E8803677A}
	EndGlobalSection
EndGlobal
